
Microsoft Visual Studio Solution File, Format Version 12.00
Project("{FAE04EC0-301F-11D3-BF4B-00C04F79EFBC}") = "VehicleMonitoringSystemServer", "VehicleMonitoringSystemServer\VehicleMonitoringSystemServer.csproj", "{AB3BA791-C0CF-4A9A-B205-0E49B01E016C}"
EndProject
Global
	GlobalSection(SolutionConfigurationPlatforms) = preSolution
		Debug|Any CPU = Debug|Any CPU
		Release|Any CPU = Release|Any CPU
	EndGlobalSection
	GlobalSection(ProjectConfigurationPlatforms) = postSolution
		{AB3BA791-C0CF-4A9A-B205-0E49B01E016C}.Debug|Any CPU.ActiveCfg = Debug|Any CPU
		{AB3BA791-C0CF-4A9A-B205-0E49B01E016C}.Debug|Any CPU.Build.0 = Debug|Any CPU
		{AB3BA791-C0CF-4A9A-B205-0E49B01E016C}.Release|Any CPU.ActiveCfg = Release|Any CPU
		{AB3BA791-C0CF-4A9A-B205-0E49B01E016C}.Release|Any CPU.Build.0 = Release|Any CPU
	EndGlobalSection
EndGlobal
